
Microsoft Visual Studio Solution File, Format Version 12.00
# Visual Studio Version 17
VisualStudioVersion = 17.9.34728.123
MinimumVisualStudioVersion = 10.0.40219.1
Project("{9A19103F-16F7-4668-BE54-9A1E7A4F7556}") = "CsharpAPI", "CsharpAPI\CsharpAPI.csproj", "{F6120972-46F7-4BA7-AC58-6436054619BF}"
EndProject
Project("{9A19103F-16F7-4668-BE54-9A1E7A4F7556}") = "LMS.Library", "..\LMS.Library\LMS.Library\LMS.Library.csproj", "{6C67E9C5-5920-46F7-8C33-2B1C72F350EB}"
EndProject
Global
	GlobalSection(SolutionConfigurationPlatforms) = preSolution
		Debug|Any CPU = Debug|Any CPU
		Release|Any CPU = Release|Any CPU
	EndGlobalSection
	GlobalSection(ProjectConfigurationPlatforms) = postSolution
		{F6120972-46F7-4BA7-AC58-6436054619BF}.Debug|Any CPU.ActiveCfg = Debug|Any CPU
		{F6120972-46F7-4BA7-AC58-6436054619BF}.Debug|Any CPU.Build.0 = Debug|Any CPU
		{F6120972-46F7-4BA7-AC58-6436054619BF}.Release|Any CPU.ActiveCfg = Release|Any CPU
		{F6120972-46F7-4BA7-AC58-6436054619BF}.Release|Any CPU.Build.0 = Release|Any CPU
		{6C67E9C5-5920-46F7-8C33-2B1C72F350EB}.Debug|Any CPU.ActiveCfg = Debug|Any CPU
		{6C67E9C5-5920-46F7-8C33-2B1C72F350EB}.Debug|Any CPU.Build.0 = Debug|Any CPU
		{6C67E9C5-5920-46F7-8C33-2B1C72F350EB}.Release|Any CPU.ActiveCfg = Release|Any CPU
		{6C67E9C5-5920-46F7-8C33-2B1C72F350EB}.Release|Any CPU.Build.0 = Release|Any CPU
	EndGlobalSection
	GlobalSection(SolutionProperties) = preSolution
		HideSolutionNode = FALSE
	EndGlobalSection
	GlobalSection(ExtensibilityGlobals) = postSolution
		SolutionGuid = {4A408BEF-E4BE-4B0C-A88A-F46585E3C649}
	EndGlobalSection
EndGlobal
